Microsoft Visual Studio Solution File, Format Version 12.00
# Visual Studio Version 17
VisualStudioVersion = 17.5.2.0
MinimumVisualStudioVersion = 10.0.40219.1
Project("{FAE04EC0-301F-11D3-BF4B-00C04F79EFBC}") = "PropEase.API", "PropEase.API.csproj", "{14A66121-5CC1-75FA-286D-C921CA1E1A0B}"
EndProject
Global
	GlobalSection(SolutionConfigurationPlatforms) = preSolution
		Debug|Any CPU = Debug|Any CPU
		Release|Any CPU = Release|Any CPU
	EndGlobalSection
	GlobalSection(ProjectConfigurationPlatforms) = postSolution
		{14A66121-5CC1-75FA-286D-C921CA1E1A0B}.Debug|Any CPU.ActiveCfg = Debug|Any CPU
		{14A66121-5CC1-75FA-286D-C921CA1E1A0B}.Debug|Any CPU.Build.0 = Debug|Any CPU
		{14A66121-5CC1-75FA-286D-C921CA1E1A0B}.Release|Any CPU.ActiveCfg = Release|Any CPU
		{14A66121-5CC1-75FA-286D-C921CA1E1A0B}.Release|Any CPU.Build.0 = Release|Any CPU
	EndGlobalSection
	GlobalSection(SolutionProperties) = preSolution
		HideSolutionNode = FALSE
	EndGlobalSection
	GlobalSection(ExtensibilityGlobals) = postSolution
		SolutionGuid = {5A8B6305-91A5-4AF8-A585-BE630EA29515}
	EndGlobalSection
EndGlobal
